
Microsoft Visual Studio Solution File, Format Version 12.00
# Visual Studio Version 17
VisualStudioVersion = 17.11.35312.102
MinimumVisualStudioVersion = 10.0.40219.1
Project("{8BC9CEB8-8B4A-11D0-8D11-00A0C91BC942}") = "tanchiki", "tanchiki.vcxproj", "{979E5D8A-7C28-4ADB-BDA0-E2A7A2496CDE}"
EndProject
Global
	GlobalSection(SolutionConfigurationPlatforms) = preSolution
		Debug|x64 = Debug|x64
		Debug|x86 = Debug|x86
		Release|x64 = Release|x64
		Release|x86 = Release|x86
	EndGlobalSection
	GlobalSection(ProjectConfigurationPlatforms) = postSolution
		{979E5D8A-7C28-4ADB-BDA0-E2A7A2496CDE}.Debug|x64.ActiveCfg = Debug|x64
		{979E5D8A-7C28-4ADB-BDA0-E2A7A2496CDE}.Debug|x64.Build.0 = Debug|x64
		{979E5D8A-7C28-4ADB-BDA0-E2A7A2496CDE}.Debug|x86.ActiveCfg = Debug|Win32
		{979E5D8A-7C28-4ADB-BDA0-E2A7A2496CDE}.Debug|x86.Build.0 = Debug|Win32
		{979E5D8A-7C28-4ADB-BDA0-E2A7A2496CDE}.Release|x64.ActiveCfg = Release|x64
		{979E5D8A-7C28-4ADB-BDA0-E2A7A2496CDE}.Release|x64.Build.0 = Release|x64
		{979E5D8A-7C28-4ADB-BDA0-E2A7A2496CDE}.Release|x86.ActiveCfg = Release|Win32
		{979E5D8A-7C28-4ADB-BDA0-E2A7A2496CDE}.Release|x86.Build.0 = Release|Win32
	EndGlobalSection
	GlobalSection(SolutionProperties) = preSolution
		HideSolutionNode = FALSE
	EndGlobalSection
	GlobalSection(ExtensibilityGlobals) = postSolution
		SolutionGuid = {B2988EE7-D343-4302-A026-B283666D42DF}
	EndGlobalSection
EndGlobal
